{
  "name": "ProjectIntranet",
  "version": "1.0.0",
  "lockfileVersion": 1,
  "requires": true,
  "dependencies": {
    "vuetify": {
      "version": "0.16.9",
      "resolved": "https://registry.npmjs.org/vuetify/-/vuetify-0.16.9.tgz",
      "integrity": "sha512-HVzdKnMETHINURJhGCMGT3wFw6R8eEHCVcqdC6o/z+eAWNQH7xg1k2hCsKo680lkjiL7tp3vRd9lF+3DpLm/+g=="
    }
  }
}
